// !$*UTF8*$!
{
	archiveVersion = 1;
	classes = {
	};
	objectVersion = 46;
	objects = {

/* Begin PBXBuildFile section */
		87072EE0B9F01F40F03E93C9 /* Pods.framework in Frameworks */ = {isa = PBXBuildFile; fileRef = 52B3607A897276D2180B9CAC /* Pods.framework */; };
		D70BA0481BE767E400CE3BE4 /* ABMasterVC.swift in Sources */ = {isa = PBXBuildFile; fileRef = D70BA0471BE767E400CE3BE4 /* ABMasterVC.swift */; };
		D70BA04D1BE7681700CE3BE4 /* ABTransactionsListVC.swift in Sources */ = {isa = PBXBuildFile; fileRef = D70BA04C1BE7681700CE3BE4 /* ABTransactionsListVC.swift */; };
		D70BA04F1BE7683100CE3BE4 /* ABTransactionsDetailVC.swift in Sources */ = {isa = PBXBuildFile; fileRef = D70BA04E1BE7683100CE3BE4 /* ABTransactionsDetailVC.swift */; };
		D70BA0511BE7688000CE3BE4 /* ABMasterCell.swift in Sources */ = {isa = PBXBuildFile; fileRef = D70BA0501BE7688000CE3BE4 /* ABMasterCell.swift */; };
		D70BA0531BE768A000CE3BE4 /* ABTransactionListCell.swift in Sources */ = {isa = PBXBuildFile; fileRef = D70BA0521BE768A000CE3BE4 /* ABTransactionListCell.swift */; };
		D70BA0551BE768B100CE3BE4 /* ABTransactionDetailCell.swift in Sources */ = {isa = PBXBuildFile; fileRef = D70BA0541BE768B100CE3BE4 /* ABTransactionDetailCell.swift */; };
		D70BA0571BE768C800CE3BE4 /* Transaction.swift in Sources */ = {isa = PBXBuildFile; fileRef = D70BA0561BE768C800CE3BE4 /* Transaction.swift */; };
		D70BA0591BE768D900CE3BE4 /* ABModelAPI.swift in Sources */ = {isa = PBXBuildFile; fileRef = D70BA0581BE768D900CE3BE4 /* ABModelAPI.swift */; };
		D70BA05C1BE76B9200CE3BE4 /* ABLog.swift in Sources */ = {isa = PBXBuildFile; fileRef = D70BA05B1BE76B9200CE3BE4 /* ABLog.swift */; };
		D70BA05F1BE76F9200CE3BE4 /* Constants.swift in Sources */ = {isa = PBXBuildFile; fileRef = D70BA05E1BE76F9200CE3BE4 /* Constants.swift */; };
		D70BA0651BE7746000CE3BE4 /* ABMasterTableView.swift in Sources */ = {isa = PBXBuildFile; fileRef = D70BA0641BE7746000CE3BE4 /* ABMasterTableView.swift */; };
		D7CCFD621BE7606C00A0F93E /* AppDelegate.swift in Sources */ = {isa = PBXBuildFile; fileRef = D7CCFD611BE7606C00A0F93E /* AppDelegate.swift */; };
		D7CCFD671BE7606C00A0F93E /* Main.storyboard in Resources */ = {isa = PBXBuildFile; fileRef = D7CCFD651BE7606C00A0F93E /* Main.storyboard */; };
		D7CCFD691BE7606C00A0F93E /* Assets.xcassets in Resources */ = {isa = PBXBuildFile; fileRef = D7CCFD681BE7606C00A0F93E /* Assets.xcassets */; };
		D7CCFD6C1BE7606C00A0F93E /* LaunchScreen.storyboard in Resources */ = {isa = PBXBuildFile; fileRef = D7CCFD6A1BE7606C00A0F93E /* LaunchScreen.storyboard */; };
		D7CCFD771BE7606C00A0F93E /* airbankDemoSwiftTests.swift in Sources */ = {isa = PBXBuildFile; fileRef = D7CCFD761BE7606C00A0F93E /* airbankDemoSwiftTests.swift */; };
		D7CCFD821BE7606C00A0F93E /* airbankDemoSwiftUITests.swift in Sources */ = {isa = PBXBuildFile; fileRef = D7CCFD811BE7606C00A0F93E /* airbankDemoSwiftUITests.swift */; };
/* End PBXBuildFile section */

/* Begin PBXContainerItemProxy section */
		D7CCFD731BE7606C00A0F93E /* PBXContainerItemProxy */ = {
			isa = PBXContainerItemProxy;
			containerPortal = D7CCFD561BE7606C00A0F93E /* Project object */;
			proxyType = 1;
			remoteGlobalIDString = D7CCFD5D1BE7606C00A0F93E;
			remoteInfo = airbankDemoSwift;
		};
		D7CCFD7E1BE7606C00A0F93E /* PBXContainerItemProxy */ = {
			isa = PBXContainerItemProxy;
			containerPortal = D7CCFD561BE7606C00A0F93E /* Project object */;
			proxyType = 1;
			remoteGlobalIDString = D7CCFD5D1BE7606C00A0F93E;
			remoteInfo = airbankDemoSwift;
		};
/* End PBXContainerItemProxy section */

/* Begin PBXFileReference section */
		22F9B1052E8032FBB438A175 /* Pods.release.xcconfig */ = {isa = PBXFileReference; includeInIndex = 1; lastKnownFileType = text.xcconfig; name = Pods.release.xcconfig; path = "Pods/Target Support Files/Pods/Pods.release.xcconfig"; sourceTree = "<group>"; };
		52B3607A897276D2180B9CAC /* Pods.framework */ = {isa = PBXFileReference; explicitFileType = wrapper.framework; includeInIndex = 0; path = Pods.framework; sourceTree = BUILT_PRODUCTS_DIR; };
		D6BC3A6225C10A97A5CE6C12 /* Pods.debug.xcconfig */ = {isa = PBXFileReference; includeInIndex = 1; lastKnownFileType = text.xcconfig; name = Pods.debug.xcconfig; path = "Pods/Target Support Files/Pods/Pods.debug.xcconfig"; sourceTree = "<group>"; };
		D70BA0471BE767E400CE3BE4 /* ABMasterVC.swift */ = {isa = PBXFileReference; fileEncoding = 4; lastKnownFileType = sourcecode.swift; name = ABMasterVC.swift; path = Controllers/ABMasterVC.swift; sourceTree = "<group>"; };
		D70BA04C1BE7681700CE3BE4 /* ABTransactionsListVC.swift */ = {isa = PBXFileReference; fileEncoding = 4; lastKnownFileType = sourcecode.swift; name = ABTransactionsListVC.swift; path = Controllers/Transactions/ABTransactionsListVC.swift; sourceTree = "<group>"; };
		D70BA04E1BE7683100CE3BE4 /* ABTransactionsDetailVC.swift */ = {isa = PBXFileReference; fileEncoding = 4; lastKnownFileType = sourcecode.swift; name = ABTransactionsDetailVC.swift; path = Controllers/Transactions/ABTransactionsDetailVC.swift; sourceTree = "<group>"; };
		D70BA0501BE7688000CE3BE4 /* ABMasterCell.swift */ = {isa = PBXFileReference; fileEncoding = 4; lastKnownFileType = sourcecode.swift; name = ABMasterCell.swift; path = Views/ABMasterCell.swift; sourceTree = "<group>"; };
		D70BA0521BE768A000CE3BE4 /* ABTransactionListCell.swift */ = {isa = PBXFileReference; fileEncoding = 4; lastKnownFileType = sourcecode.swift; name = ABTransactionListCell.swift; path = Views/Transactions/ABTransactionListCell.swift; sourceTree = "<group>"; };
		D70BA0541BE768B100CE3BE4 /* ABTransactionDetailCell.swift */ = {isa = PBXFileReference; fileEncoding = 4; lastKnownFileType = sourcecode.swift; name = ABTransactionDetailCell.swift; path = Views/Transactions/ABTransactionDetailCell.swift; sourceTree = "<group>"; };
		D70BA0561BE768C800CE3BE4 /* Transaction.swift */ = {isa = PBXFileReference; fileEncoding = 4; lastKnownFileType = sourcecode.swift; name = Transaction.swift; path = Model/Transactions/Transaction.swift; sourceTree = "<group>"; };
		D70BA0581BE768D900CE3BE4 /* ABModelAPI.swift */ = {isa = PBXFileReference; fileEncoding = 4; lastKnownFileType = sourcecode.swift; name = ABModelAPI.swift; path = Model/ABModelAPI.swift; sourceTree = "<group>"; };
		D70BA05B1BE76B9200CE3BE4 /* ABLog.swift */ = {isa = PBXFileReference; fileEncoding = 4; lastKnownFileType = sourcecode.swift; name = ABLog.swift; path = Libraries/ABLog.swift; sourceTree = "<group>"; };
		D70BA05E1BE76F9200CE3BE4 /* Constants.swift */ = {isa = PBXFileReference; fileEncoding = 4; lastKnownFileType = sourcecode.swift; name = Constants.swift; path = Other/Constants.swift; sourceTree = "<group>"; };
		D70BA0641BE7746000CE3BE4 /* ABMasterTableView.swift */ = {isa = PBXFileReference; fileEncoding = 4; lastKnownFileType = sourcecode.swift; name = ABMasterTableView.swift; path = Views/ABMasterTableView.swift; sourceTree = "<group>"; };
		D7CCFD5E1BE7606C00A0F93E /* airbankDemoSwift.app */ = {isa = PBXFileReference; explicitFileType = wrapper.application; includeInIndex = 0; path = airbankDemoSwift.app; sourceTree = BUILT_PRODUCTS_DIR; };
		D7CCFD611BE7606C00A0F93E /* AppDelegate.swift */ = {isa = PBXFileReference; lastKnownFileType = sourcecode.swift; path = AppDelegate.swift; sourceTree = "<group>"; };
		D7CCFD661BE7606C00A0F93E /* Base */ = {isa = PBXFileReference; lastKnownFileType = file.storyboard; name = Base; path = Base.lproj/Main.storyboard; sourceTree = "<group>"; };
		D7CCFD681BE7606C00A0F93E /* Assets.xcassets */ = {isa = PBXFileReference; lastKnownFileType = folder.assetcatalog; path = Assets.xcassets; sourceTree = "<group>"; };
		D7CCFD6B1BE7606C00A0F93E /* Base */ = {isa = PBXFileReference; lastKnownFileType = file.storyboard; name = Base; path = Base.lproj/LaunchScreen.storyboard; sourceTree = "<group>"; };
		D7CCFD6D1BE7606C00A0F93E /* Info.plist */ = {isa = PBXFileReference; lastKnownFileType = text.plist.xml; path = Info.plist; sourceTree = "<group>"; };
		D7CCFD721BE7606C00A0F93E /* airbankDemoSwiftTests.xctest */ = {isa = PBXFileReference; explicitFileType = wrapper.cfbundle; includeInIndex = 0; path = airbankDemoSwiftTests.xctest; sourceTree = BUILT_PRODUCTS_DIR; };
		D7CCFD761BE7606C00A0F93E /* airbankDemoSwiftTests.swift */ = {isa = PBXFileReference; lastKnownFileType = sourcecode.swift; path = airbankDemoSwiftTests.swift; sourceTree = "<group>"; };
		D7CCFD781BE7606C00A0F93E /* Info.plist */ = {isa = PBXFileReference; lastKnownFileType = text.plist.xml; path = Info.plist; sourceTree = "<group>"; };
		D7CCFD7D1BE7606C00A0F93E /* airbankDemoSwiftUITests.xctest */ = {isa = PBXFileReference; explicitFileType = wrapper.cfbundle; includeInIndex = 0; path = airbankDemoSwiftUITests.xctest; sourceTree = BUILT_PRODUCTS_DIR; };
		D7CCFD811BE7606C00A0F93E /* airbankDemoSwiftUITests.swift */ = {isa = PBXFileReference; lastKnownFileType = sourcecode.swift; path = airbankDemoSwiftUITests.swift; sourceTree = "<group>"; };
		D7CCFD831BE7606C00A0F93E /* Info.plist */ = {isa = PBXFileReference; lastKnownFileType = text.plist.xml; path = Info.plist; sourceTree = "<group>"; };
/* End PBXFileReference section */

/* Begin PBXFrameworksBuildPhase section */
		D7CCFD5B1BE7606C00A0F93E /* Frameworks */ = {
			isa = PBXFrameworksBuildPhase;
			buildActionMask = 2147483647;
			files = (
				87072EE0B9F01F40F03E93C9 /* Pods.framework in Frameworks */,
			);
			runOnlyForDeploymentPostprocessing = 0;
		};
		D7CCFD6F1BE7606C00A0F93E /* Frameworks */ = {
			isa = PBXFrameworksBuildPhase;
			buildActionMask = 2147483647;
			files = (
			);
			runOnlyForDeploymentPostprocessing = 0;
		};
		D7CCFD7A1BE7606C00A0F93E /* Frameworks */ = {
			isa = PBXFrameworksBuildPhase;
			buildActionMask = 2147483647;
			files = (
			);
			runOnlyForDeploymentPostprocessing = 0;
		};
/* End PBXFrameworksBuildPhase section */

/* Begin PBXGroup section */
		03A9DA4F31B19910C44ADD5E /* Pods */ = {
			isa = PBXGroup;
			children = (
				D6BC3A6225C10A97A5CE6C12 /* Pods.debug.xcconfig */,
				22F9B1052E8032FBB438A175 /* Pods.release.xcconfig */,
			);
			name = Pods;
			sourceTree = "<group>";
		};
		D70BA0441BE7673700CE3BE4 /* Model */ = {
			isa = PBXGroup;
			children = (
				D70BA0581BE768D900CE3BE4 /* ABModelAPI.swift */,
				D70BA04A1BE767F400CE3BE4 /* Transactions */,
			);
			name = Model;
			sourceTree = "<group>";
		};
		D70BA0451BE7673E00CE3BE4 /* Views */ = {
			isa = PBXGroup;
			children = (
				D70BA0641BE7746000CE3BE4 /* ABMasterTableView.swift */,
				D70BA0501BE7688000CE3BE4 /* ABMasterCell.swift */,
				D70BA04B1BE767FA00CE3BE4 /* Transactions */,
			);
			name = Views;
			sourceTree = "<group>";
		};
		D70BA0461BE7674300CE3BE4 /* Controllers */ = {
			isa = PBXGroup;
			children = (
				D70BA0471BE767E400CE3BE4 /* ABMasterVC.swift */,
				D70BA0491BE767EC00CE3BE4 /* Transactions */,
			);
			name = Controllers;
			sourceTree = "<group>";
		};
		D70BA0491BE767EC00CE3BE4 /* Transactions */ = {
			isa = PBXGroup;
			children = (
				D70BA04C1BE7681700CE3BE4 /* ABTransactionsListVC.swift */,
				D70BA04E1BE7683100CE3BE4 /* ABTransactionsDetailVC.swift */,
			);
			name = Transactions;
			sourceTree = "<group>";
		};
		D70BA04A1BE767F400CE3BE4 /* Transactions */ = {
			isa = PBXGroup;
			children = (
				D70BA0561BE768C800CE3BE4 /* Transaction.swift */,
			);
			name = Transactions;
			sourceTree = "<group>";
		};
		D70BA04B1BE767FA00CE3BE4 /* Transactions */ = {
			isa = PBXGroup;
			children = (
				D70BA0521BE768A000CE3BE4 /* ABTransactionListCell.swift */,
				D70BA0541BE768B100CE3BE4 /* ABTransactionDetailCell.swift */,
			);
			name = Transactions;
			sourceTree = "<group>";
		};
		D70BA05A1BE76B0000CE3BE4 /* Libraries */ = {
			isa = PBXGroup;
			children = (
				D70BA05B1BE76B9200CE3BE4 /* ABLog.swift */,
			);
			name = Libraries;
			sourceTree = "<group>";
		};
		D70BA05D1BE76F6F00CE3BE4 /* Other */ = {
			isa = PBXGroup;
			children = (
				D70BA05E1BE76F9200CE3BE4 /* Constants.swift */,
			);
			name = Other;
			sourceTree = "<group>";
		};
		D7CCFD551BE7606C00A0F93E = {
			isa = PBXGroup;
			children = (
				D7CCFD601BE7606C00A0F93E /* airbankDemoSwift */,
				D7CCFD751BE7606C00A0F93E /* airbankDemoSwiftTests */,
				D7CCFD801BE7606C00A0F93E /* airbankDemoSwiftUITests */,
				D7CCFD5F1BE7606C00A0F93E /* Products */,
				03A9DA4F31B19910C44ADD5E /* Pods */,
				ECE7C15E668C92C121502ED5 /* Frameworks */,
			);
			sourceTree = "<group>";
		};
		D7CCFD5F1BE7606C00A0F93E /* Products */ = {
			isa = PBXGroup;
			children = (
				D7CCFD5E1BE7606C00A0F93E /* airbankDemoSwift.app */,
				D7CCFD721BE7606C00A0F93E /* airbankDemoSwiftTests.xctest */,
				D7CCFD7D1BE7606C00A0F93E /* airbankDemoSwiftUITests.xctest */,
			);
			name = Products;
			sourceTree = "<group>";
		};
		D7CCFD601BE7606C00A0F93E /* airbankDemoSwift */ = {
			isa = PBXGroup;
			children = (
				D70BA05A1BE76B0000CE3BE4 /* Libraries */,
				D70BA0441BE7673700CE3BE4 /* Model */,
				D70BA05D1BE76F6F00CE3BE4 /* Other */,
				D70BA0461BE7674300CE3BE4 /* Controllers */,
				D70BA0451BE7673E00CE3BE4 /* Views */,
				D7CCFD611BE7606C00A0F93E /* AppDelegate.swift */,
				D7CCFD651BE7606C00A0F93E /* Main.storyboard */,
				D7CCFD681BE7606C00A0F93E /* Assets.xcassets */,
				D7CCFD6A1BE7606C00A0F93E /* LaunchScreen.storyboard */,
				D7CCFD6D1BE7606C00A0F93E /* Info.plist */,
			);
			path = airbankDemoSwift;
			sourceTree = "<group>";
		};
		D7CCFD751BE7606C00A0F93E /* airbankDemoSwiftTests */ = {
			isa = PBXGroup;
			children = (
				D7CCFD761BE7606C00A0F93E /* airbankDemoSwiftTests.swift */,
				D7CCFD781BE7606C00A0F93E /* Info.plist */,
			);
			path = airbankDemoSwiftTests;
			sourceTree = "<group>";
		};
		D7CCFD801BE7606C00A0F93E /* airbankDemoSwiftUITests */ = {
			isa = PBXGroup;
			children = (
				D7CCFD811BE7606C00A0F93E /* airbankDemoSwiftUITests.swift */,
				D7CCFD831BE7606C00A0F93E /* Info.plist */,
			);
			path = airbankDemoSwiftUITests;
			sourceTree = "<group>";
		};
		ECE7C15E668C92C121502ED5 /* Frameworks */ = {
			isa = PBXGroup;
			children = (
				52B3607A897276D2180B9CAC /* Pods.framework */,
			);
			name = Frameworks;
			sourceTree = "<group>";
		};
/* End PBXGroup section */

/* Begin PBXNativeTarget section */
		D7CCFD5D1BE7606C00A0F93E /* airbankDemoSwift */ = {
			isa = PBXNativeTarget;
			buildConfigurationList = D7CCFD861BE7606C00A0F93E /* Build configuration list for PBXNativeTarget "airbankDemoSwift" */;
			buildPhases = (
				6D7016EF3A990D522E883F91 /* Check Pods Manifest.lock */,
				D7CCFD5A1BE7606C00A0F93E /* Sources */,
				D7CCFD5B1BE7606C00A0F93E /* Frameworks */,
				D7CCFD5C1BE7606C00A0F93E /* Resources */,
				D8A24E4244F609C3997A89CC /* Embed Pods Frameworks */,
				1464F30D3192A5D320865D0C /* Copy Pods Resources */,
			);
			buildRules = (
			);
			dependencies = (
			);
			name = airbankDemoSwift;
			productName = airbankDemoSwift;
			productReference = D7CCFD5E1BE7606C00A0F93E /* airbankDemoSwift.app */;
			productType = "com.apple.product-type.application";
		};
		D7CCFD711BE7606C00A0F93E /* airbankDemoSwiftTests */ = {
			isa = PBXNativeTarget;
			buildConfigurationList = D7CCFD891BE7606C00A0F93E /* Build configuration list for PBXNativeTarget "airbankDemoSwiftTests" */;
			buildPhases = (
				D7CCFD6E1BE7606C00A0F93E /* Sources */,
				D7CCFD6F1BE7606C00A0F93E /* Frameworks */,
				D7CCFD701BE7606C00A0F93E /* Resources */,
			);
			buildRules = (
			);
			dependencies = (
				D7CCFD741BE7606C00A0F93E /* PBXTargetDependency */,
			);
			name = airbankDemoSwiftTests;
			productName = airbankDemoSwiftTests;
			productReference = D7CCFD721BE7606C00A0F93E /* airbankDemoSwiftTests.xctest */;
			productType = "com.apple.product-type.bundle.unit-test";
		};
		D7CCFD7C1BE7606C00A0F93E /* airbankDemoSwiftUITests */ = {
			isa = PBXNativeTarget;
			buildConfigurationList = D7CCFD8C1BE7606C00A0F93E /* Build configuration list for PBXNativeTarget "airbankDemoSwiftUITests" */;
			buildPhases = (
				D7CCFD791BE7606C00A0F93E /* Sources */,
				D7CCFD7A1BE7606C00A0F93E /* Frameworks */,
				D7CCFD7B1BE7606C00A0F93E /* Resources */,
			);
			buildRules = (
			);
			dependencies = (
				D7CCFD7F1BE7606C00A0F93E /* PBXTargetDependency */,
			);
			name = airbankDemoSwiftUITests;
			productName = airbankDemoSwiftUITests;
			productReference = D7CCFD7D1BE7606C00A0F93E /* airbankDemoSwiftUITests.xctest */;
			productType = "com.apple.product-type.bundle.ui-testing";
		};
/* End PBXNativeTarget section */

/* Begin PBXProject section */
		D7CCFD561BE7606C00A0F93E /* Project object */ = {
			isa = PBXProject;
			attributes = {
				LastSwiftUpdateCheck = 0710;
				LastUpgradeCheck = 0710;
				ORGANIZATIONNAME = "Premysl Semerad";
				TargetAttributes = {
					D7CCFD5D1BE7606C00A0F93E = {
						CreatedOnToolsVersion = 7.1;
						DevelopmentTeam = 8MQ6R5FHR9;
					};
					D7CCFD711BE7606C00A0F93E = {
						CreatedOnToolsVersion = 7.1;
						TestTargetID = D7CCFD5D1BE7606C00A0F93E;
					};
					D7CCFD7C1BE7606C00A0F93E = {
						CreatedOnToolsVersion = 7.1;
						TestTargetID = D7CCFD5D1BE7606C00A0F93E;
					};
				};
			};
			buildConfigurationList = D7CCFD591BE7606C00A0F93E /* Build configuration list for PBXProject "airbankDemoSwift" */;
			compatibilityVersion = "Xcode 3.2";
			developmentRegion = English;
			hasScannedForEncodings = 0;
			knownRegions = (
				en,
				Base,
			);
			mainGroup = D7CCFD551BE7606C00A0F93E;
			productRefGroup = D7CCFD5F1BE7606C00A0F93E /* Products */;
			projectDirPath = "";
			projectRoot = "";
			targets = (
				D7CCFD5D1BE7606C00A0F93E /* airbankDemoSwift */,
				D7CCFD711BE7606C00A0F93E /* airbankDemoSwiftTests */,
				D7CCFD7C1BE7606C00A0F93E /* airbankDemoSwiftUITests */,
			);
		};
/* End PBXProject section */

/* Begin PBXResourcesBuildPhase section */
		D7CCFD5C1BE7606C00A0F93E /* Resources */ = {
			isa = PBXResourcesBuildPhase;
			buildActionMask = 2147483647;
			files = (
				D7CCFD6C1BE7606C00A0F93E /* LaunchScreen.storyboard in Resources */,
				D7CCFD691BE7606C00A0F93E /* Assets.xcassets in Resources */,
				D7CCFD671BE7606C00A0F93E /* Main.storyboard in Resources */,
			);
			runOnlyForDeploymentPostprocessing = 0;
		};
		D7CCFD701BE7606C00A0F93E /* Resources */ = {
			isa = PBXResourcesBuildPhase;
			buildActionMask = 2147483647;
			files = (
			);
			runOnlyForDeploymentPostprocessing = 0;
		};
		D7CCFD7B1BE7606C00A0F93E /* Resources */ = {
			isa = PBXResourcesBuildPhase;
			buildActionMask = 2147483647;
			files = (
			);
			runOnlyForDeploymentPostprocessing = 0;
		};
/* End PBXResourcesBuildPhase section */

/* Begin PBXShellScriptBuildPhase section */
		1464F30D3192A5D320865D0C /* Copy Pods Resources */ = {
			isa = PBXShellScriptBuildPhase;
			buildActionMask = 2147483647;
			files = (
			);
			inputPaths = (
			);
			name = "Copy Pods Resources";
			outputPaths = (
			);
			runOnlyForDeploymentPostprocessing = 0;
			shellPath = /bin/sh;
			shellScript = "\"${SRCROOT}/Pods/Target Support Files/Pods/Pods-resources.sh\"\n";
			showEnvVarsInLog = 0;
		};
		6D7016EF3A990D522E883F91 /* Check Pods Manifest.lock */ = {
			isa = PBXShellScriptBuildPhase;
			buildActionMask = 2147483647;
			files = (
			);
			inputPaths = (
			);
			name = "Check Pods Manifest.lock";
			outputPaths = (
			);
			runOnlyForDeploymentPostprocessing = 0;
			shellPath = /bin/sh;
			shellScript = "diff \"${PODS_ROOT}/../Podfile.lock\" \"${PODS_ROOT}/Manifest.lock\" > /dev/null\nif [[ $? != 0 ]] ; then\n    cat << EOM\nerror: The sandbox is not in sync with the Podfile.lock. Run 'pod install' or update your CocoaPods installation.\nEOM\n    exit 1\nfi\n";
			showEnvVarsInLog = 0;
		};
		D8A24E4244F609C3997A89CC /* Embed Pods Frameworks */ = {
			isa = PBXShellScriptBuildPhase;
			buildActionMask = 2147483647;
			files = (
			);
			inputPaths = (
			);
			name = "Embed Pods Frameworks";
			outputPaths = (
			);
			runOnlyForDeploymentPostprocessing = 0;
			shellPath = /bin/sh;
			shellScript = "\"${SRCROOT}/Pods/Target Support Files/Pods/Pods-frameworks.sh\"\n";
			showEnvVarsInLog = 0;
		};
/* End PBXShellScriptBuildPhase section */

/* Begin PBXSourcesBuildPhase section */
		D7CCFD5A1BE7606C00A0F93E /* Sources */ = {
			isa = PBXSourcesBuildPhase;
			buildActionMask = 2147483647;
			files = (
				D70BA0481BE767E400CE3BE4 /* ABMasterVC.swift in Sources */,
				D70BA05F1BE76F9200CE3BE4 /* Constants.swift in Sources */,
				D70BA0591BE768D900CE3BE4 /* ABModelAPI.swift in Sources */,
				D70BA0511BE7688000CE3BE4 /* ABMasterCell.swift in Sources */,
				D70BA0651BE7746000CE3BE4 /* ABMasterTableView.swift in Sources */,
				D70BA04D1BE7681700CE3BE4 /* ABTransactionsListVC.swift in Sources */,
				D70BA0551BE768B100CE3BE4 /* ABTransactionDetailCell.swift in Sources */,
				D70BA04F1BE7683100CE3BE4 /* ABTransactionsDetailVC.swift in Sources */,
				D7CCFD621BE7606C00A0F93E /* AppDelegate.swift in Sources */,
				D70BA0531BE768A000CE3BE4 /* ABTransactionListCell.swift in Sources */,
				D70BA0571BE768C800CE3BE4 /* Transaction.swift in Sources */,
				D70BA05C1BE76B9200CE3BE4 /* ABLog.swift in Sources */,
			);
			runOnlyForDeploymentPostprocessing = 0;
		};
		D7CCFD6E1BE7606C00A0F93E /* Sources */ = {
			isa = PBXSourcesBuildPhase;
			buildActionMask = 2147483647;
			files = (
				D7CCFD771BE7606C00A0F93E /* airbankDemoSwiftTests.swift in Sources */,
			);
			runOnlyForDeploymentPostprocessing = 0;
		};
		D7CCFD791BE7606C00A0F93E /* Sources */ = {
			isa = PBXSourcesBuildPhase;
			buildActionMask = 2147483647;
			files = (
				D7CCFD821BE7606C00A0F93E /* airbankDemoSwiftUITests.swift in Sources */,
			);
			runOnlyForDeploymentPostprocessing = 0;
		};
/* End PBXSourcesBuildPhase section */

/* Begin PBXTargetDependency section */
		D7CCFD741BE7606C00A0F93E /* PBXTargetDependency */ = {
			isa = PBXTargetDependency;
			target = D7CCFD5D1BE7606C00A0F93E /* airbankDemoSwift */;
			targetProxy = D7CCFD731BE7606C00A0F93E /* PBXContainerItemProxy */;
		};
		D7CCFD7F1BE7606C00A0F93E /* PBXTargetDependency */ = {
			isa = PBXTargetDependency;
			target = D7CCFD5D1BE7606C00A0F93E /* airbankDemoSwift */;
			targetProxy = D7CCFD7E1BE7606C00A0F93E /* PBXContainerItemProxy */;
		};
/* End PBXTargetDependency section */

/* Begin PBXVariantGroup section */
		D7CCFD651BE7606C00A0F93E /* Main.storyboard */ = {
			isa = PBXVariantGroup;
			children = (
				D7CCFD661BE7606C00A0F93E /* Base */,
			);
			name = Main.storyboard;
			sourceTree = "<group>";
		};
		D7CCFD6A1BE7606C00A0F93E /* LaunchScreen.storyboard */ = {
			isa = PBXVariantGroup;
			children = (
				D7CCFD6B1BE7606C00A0F93E /* Base */,
			);
			name = LaunchScreen.storyboard;
			sourceTree = "<group>";
		};
/* End PBXVariantGroup section */

/* Begin XCBuildConfiguration section */
		D7CCFD841BE7606C00A0F93E /* Debug */ = {
			isa = XCBuildConfiguration;
			buildSettings = {
				ALWAYS_SEARCH_USER_PATHS = NO;
				CLANG_CXX_LANGUAGE_STANDARD = "gnu++0x";
				CLANG_CXX_LIBRARY = "libc++";
				CLANG_ENABLE_MODULES = YES;
				CLANG_ENABLE_OBJC_ARC = YES;
				CLANG_WARN_BOOL_CONVERSION = YES;
				CLANG_WARN_CONSTANT_CONVERSION = YES;
				CLANG_WARN_DIRECT_OBJC_ISA_USAGE = YES_ERROR;
				CLANG_WARN_EMPTY_BODY = YES;
				CLANG_WARN_ENUM_CONVERSION = YES;
				CLANG_WARN_INT_CONVERSION = YES;
				CLANG_WARN_OBJC_ROOT_CLASS = YES_ERROR;
				CLANG_WARN_UNREACHABLE_CODE = YES;
				CLANG_WARN__DUPLICATE_METHOD_MATCH = YES;
				"CODE_SIGN_IDENTITY[sdk=iphoneos*]" = "iPhone Developer";
				COPY_PHASE_STRIP = NO;
				DEBUG_INFORMATION_FORMAT = dwarf;
				ENABLE_STRICT_OBJC_MSGSEND = YES;
				ENABLE_TESTABILITY = YES;
				GCC_C_LANGUAGE_STANDARD = gnu99;
				GCC_DYNAMIC_NO_PIC = NO;
				GCC_NO_COMMON_BLOCKS = YES;
				GCC_OPTIMIZATION_LEVEL = 0;
				GCC_PREPROCESSOR_DEFINITIONS = (
					"DEBUG=1",
					"$(inherited)",
				);
				GCC_WARN_64_TO_32_BIT_CONVERSION = YES;
				GCC_WARN_ABOUT_RETURN_TYPE = YES_ERROR;
				GCC_WARN_UNDECLARED_SELECTOR = YES;
				GCC_WARN_UNINITIALIZED_AUTOS = YES_AGGRESSIVE;
				GCC_WARN_UNUSED_FUNCTION = YES;
				GCC_WARN_UNUSED_VARIABLE = YES;
				IPHONEOS_DEPLOYMENT_TARGET = 9.1;
				MTL_ENABLE_DEBUG_INFO = YES;
				ONLY_ACTIVE_ARCH = YES;
				SDKROOT = iphoneos;
				SWIFT_OPTIMIZATION_LEVEL = "-Onone";
			};
			name = Debug;
		};
		D7CCFD851BE7606C00A0F93E /* Release */ = {
			isa = XCBuildConfiguration;
			buildSettings = {
				ALWAYS_SEARCH_USER_PATHS = NO;
				CLANG_CXX_LANGUAGE_STANDARD = "gnu++0x";
				CLANG_CXX_LIBRARY = "libc++";
				CLANG_ENABLE_MODULES = YES;
				CLANG_ENABLE_OBJC_ARC = YES;
				CLANG_WARN_BOOL_CONVERSION = YES;
				CLANG_WARN_CONSTANT_CONVERSION = YES;
				CLANG_WARN_DIRECT_OBJC_ISA_USAGE = YES_ERROR;
				CLANG_WARN_EMPTY_BODY = YES;
				CLANG_WARN_ENUM_CONVERSION = YES;
				CLANG_WARN_INT_CONVERSION = YES;
				CLANG_WARN_OBJC_ROOT_CLASS = YES_ERROR;
				CLANG_WARN_UNREACHABLE_CODE = YES;
				CLANG_WARN__DUPLICATE_METHOD_MATCH = YES;
				"CODE_SIGN_IDENTITY[sdk=iphoneos*]" = "iPhone Developer";
				COPY_PHASE_STRIP = NO;
				DEBUG_INFORMATION_FORMAT = "dwarf-with-dsym";
				ENABLE_NS_ASSERTIONS = NO;
				ENABLE_STRICT_OBJC_MSGSEND = YES;
				GCC_C_LANGUAGE_STANDARD = gnu99;
				GCC_NO_COMMON_BLOCKS = YES;
				GCC_WARN_64_TO_32_BIT_CONVERSION = YES;
				GCC_WARN_ABOUT_RETURN_TYPE = YES_ERROR;
				GCC_WARN_UNDECLARED_SELECTOR = YES;
				GCC_WARN_UNINITIALIZED_AUTOS = YES_AGGRESSIVE;
				GCC_WARN_UNUSED_FUNCTION = YES;
				GCC_WARN_UNUSED_VARIABLE = YES;
				IPHONEOS_DEPLOYMENT_TARGET = 9.1;
				MTL_ENABLE_DEBUG_INFO = NO;
				SDKROOT = iphoneos;
				VALIDATE_PRODUCT = YES;
			};
			name = Release;
		};
		D7CCFD871BE7606C00A0F93E /* Debug */ = {
			isa = XCBuildConfiguration;
			baseConfigurationReference = D6BC3A6225C10A97A5CE6C12 /* Pods.debug.xcconfig */;
			buildSettings = {
				ASSETCATALOG_COMPILER_APPICON_NAME = AppIcon;
				CODE_SIGN_IDENTITY = "iPhone Developer";
				"CODE_SIGN_IDENTITY[sdk=iphoneos*]" = "iPhone Developer";
				INFOPLIST_FILE = airbankDemoSwift/Info.plist;
				LD_RUNPATH_SEARCH_PATHS = "$(inherited) @executable_path/Frameworks";
				PRODUCT_BUNDLE_IDENTIFIER = com.tallyho.airbankDemoSwift;
				PRODUCT_NAME = "$(TARGET_NAME)";
				PROVISIONING_PROFILE = "";
			};
			name = Debug;
		};
		D7CCFD881BE7606C00A0F93E /* Release */ = {
			isa = XCBuildConfiguration;
			baseConfigurationReference = 22F9B1052E8032FBB438A175 /* Pods.release.xcconfig */;
			buildSettings = {
				ASSETCATALOG_COMPILER_APPICON_NAME = AppIcon;
				CODE_SIGN_IDENTITY = "iPhone Developer";
				"CODE_SIGN_IDENTITY[sdk=iphoneos*]" = "iPhone Developer";
				INFOPLIST_FILE = airbankDemoSwift/Info.plist;
				LD_RUNPATH_SEARCH_PATHS = "$(inherited) @executable_path/Frameworks";
				PRODUCT_BUNDLE_IDENTIFIER = com.tallyho.airbankDemoSwift;
				PRODUCT_NAME = "$(TARGET_NAME)";
				PROVISIONING_PROFILE = "";
			};
			name = Release;
		};
		D7CCFD8A1BE7606C00A0F93E /* Debug */ = {
			isa = XCBuildConfiguration;
			buildSettings = {
				BUNDLE_LOADER = "$(TEST_HOST)";
				INFOPLIST_FILE = airbankDemoSwiftTests/Info.plist;
				LD_RUNPATH_SEARCH_PATHS = "$(inherited) @executable_path/Frameworks @loader_path/Frameworks";
				PRODUCT_BUNDLE_IDENTIFIER = com.tallyho.airbankDemoSwiftTests;
				PRODUCT_NAME = "$(TARGET_NAME)";
				TEST_HOST = "$(BUILT_PRODUCTS_DIR)/airbankDemoSwift.app/airbankDemoSwift";
			};
			name = Debug;
		};
		D7CCFD8B1BE7606C00A0F93E /* Release */ = {
			isa = XCBuildConfiguration;
			buildSettings = {
				BUNDLE_LOADER = "$(TEST_HOST)";
				INFOPLIST_FILE = airbankDemoSwiftTests/Info.plist;
				LD_RUNPATH_SEARCH_PATHS = "$(inherited) @executable_path/Frameworks @loader_path/Frameworks";
				PRODUCT_BUNDLE_IDENTIFIER = com.tallyho.airbankDemoSwiftTests;
				PRODUCT_NAME = "$(TARGET_NAME)";
				TEST_HOST = "$(BUILT_PRODUCTS_DIR)/airbankDemoSwift.app/airbankDemoSwift";
			};
			name = Release;
		};
		D7CCFD8D1BE7606C00A0F93E /* Debug */ = {
			isa = XCBuildConfiguration;
			buildSettings = {
				INFOPLIST_FILE = airbankDemoSwiftUITests/Info.plist;
				LD_RUNPATH_SEARCH_PATHS = "$(inherited) @executable_path/Frameworks @loader_path/Frameworks";
				PRODUCT_BUNDLE_IDENTIFIER = com.tallyho.airbankDemoSwiftUITests;
				PRODUCT_NAME = "$(TARGET_NAME)";
				TEST_TARGET_NAME = airbankDemoSwift;
				USES_XCTRUNNER = YES;
			};
			name = Debug;
		};
		D7CCFD8E1BE7606C00A0F93E /* Release */ = {
			isa = XCBuildConfiguration;
			buildSettings = {
				INFOPLIST_FILE = airbankDemoSwiftUITests/Info.plist;
				LD_RUNPATH_SEARCH_PATHS = "$(inherited) @executable_path/Frameworks @loader_path/Frameworks";
				PRODUCT_BUNDLE_IDENTIFIER = com.tallyho.airbankDemoSwiftUITests;
				PRODUCT_NAME = "$(TARGET_NAME)";
				TEST_TARGET_NAME = airbankDemoSwift;
				USES_XCTRUNNER = YES;
			};
			name = Release;
		};
/* End XCBuildConfiguration section */

/* Begin XCConfigurationList section */
		D7CCFD591BE7606C00A0F93E /* Build configuration list for PBXProject "airbankDemoSwift" */ = {
			isa = XCConfigurationList;
			buildConfigurations = (
				D7CCFD841BE7606C00A0F93E /* Debug */,
				D7CCFD851BE7606C00A0F93E /* Release */,
			);
			defaultConfigurationIsVisible = 0;
			defaultConfigurationName = Release;
		};
		D7CCFD861BE7606C00A0F93E /* Build configuration list for PBXNativeTarget "airbankDemoSwift" */ = {
			isa = XCConfigurationList;
			buildConfigurations = (
				D7CCFD871BE7606C00A0F93E /* Debug */,
				D7CCFD881BE7606C00A0F93E /* Release */,
			);
			defaultConfigurationIsVisible = 0;
			defaultConfigurationName = Release;
		};
		D7CCFD891BE7606C00A0F93E /* Build configuration list for PBXNativeTarget "airbankDemoSwiftTests" */ = {
			isa = XCConfigurationList;
			buildConfigurations = (
				D7CCFD8A1BE7606C00A0F93E /* Debug */,
				D7CCFD8B1BE7606C00A0F93E /* Release */,
			);
			defaultConfigurationIsVisible = 0;
			defaultConfigurationName = Release;
		};
		D7CCFD8C1BE7606C00A0F93E /* Build configuration list for PBXNativeTarget "airbankDemoSwiftUITests" */ = {
			isa = XCConfigurationList;
			buildConfigurations = (
				D7CCFD8D1BE7606C00A0F93E /* Debug */,
				D7CCFD8E1BE7606C00A0F93E /* Release */,
			);
			defaultConfigurationIsVisible = 0;
			defaultConfigurationName = Release;
		};
/* End XCConfigurationList section */
	};
	rootObject = D7CCFD561BE7606C00A0F93E /* Project object */;
}
